// !$*UTF8*$!
{
	archiveVersion = 1;
	classes = {
	};
	objectVersion = 48;
	objects = {

/* Begin PBXBuildFile section */
		021E69F01F0F072500F64E3F /* AppDelegate.swift in Sources */ = {isa = PBXBuildFile; fileRef = 021E69EF1F0F072500F64E3F /* AppDelegate.swift */; };
		021E69F21F0F072500F64E3F /* art.scnassets in Resources */ = {isa = PBXBuildFile; fileRef = 021E69F11F0F072500F64E3F /* art.scnassets */; };
		021E69F41F0F072500F64E3F /* ViewController.swift in Sources */ = {isa = PBXBuildFile; fileRef = 021E69F31F0F072500F64E3F /* ViewController.swift */; };
		021E69F71F0F072500F64E3F /* Main.storyboard in Resources */ = {isa = PBXBuildFile; fileRef = 021E69F51F0F072500F64E3F /* Main.storyboard */; };
		021E69F91F0F072500F64E3F /* Assets.xcassets in Resources */ = {isa = PBXBuildFile; fileRef = 021E69F81F0F072500F64E3F /* Assets.xcassets */; };
		021E69FC1F0F072500F64E3F /* LaunchScreen.storyboard in Resources */ = {isa = PBXBuildFile; fileRef = 021E69FA1F0F072500F64E3F /* LaunchScreen.storyboard */; };
/* End PBXBuildFile section */

/* Begin PBXFileReference section */
		021E69EC1F0F072500F64E3F /* ARTreesDemo.app */ = {isa = PBXFileReference; explicitFileType = wrapper.application; includeInIndex = 0; path = ARTreesDemo.app; sourceTree = BUILT_PRODUCTS_DIR; };
		021E69EF1F0F072500F64E3F /* AppDelegate.swift */ = {isa = PBXFileReference; lastKnownFileType = sourcecode.swift; path = AppDelegate.swift; sourceTree = "<group>"; };
		021E69F11F0F072500F64E3F /* art.scnassets */ = {isa = PBXFileReference; lastKnownFileType = wrapper.scnassets; path = art.scnassets; sourceTree = "<group>"; };
		021E69F31F0F072500F64E3F /* ViewController.swift */ = {isa = PBXFileReference; lastKnownFileType = sourcecode.swift; path = ViewController.swift; sourceTree = "<group>"; };
		021E69F61F0F072500F64E3F /* Base */ = {isa = PBXFileReference; lastKnownFileType = file.storyboard; name = Base; path = Base.lproj/Main.storyboard; sourceTree = "<group>"; };
		021E69F81F0F072500F64E3F /* Assets.xcassets */ = {isa = PBXFileReference; lastKnownFileType = folder.assetcatalog; path = Assets.xcassets; sourceTree = "<group>"; };
		021E69FB1F0F072500F64E3F /* Base */ = {isa = PBXFileReference; lastKnownFileType = file.storyboard; name = Base; path = Base.lproj/LaunchScreen.storyboard; sourceTree = "<group>"; };
		021E69FD1F0F072500F64E3F /* Info.plist */ = {isa = PBXFileReference; lastKnownFileType = text.plist.xml; path = Info.plist; sourceTree = "<group>"; };
/* End PBXFileReference section */

/* Begin PBXFrameworksBuildPhase section */
		021E69E91F0F072500F64E3F /* Frameworks */ = {
			isa = PBXFrameworksBuildPhase;
			buildActionMask = 2147483647;
			files = (
			);
			runOnlyForDeploymentPostprocessing = 0;
		};
/* End PBXFrameworksBuildPhase section */

/* Begin PBXGroup section */
		021E69E31F0F072500F64E3F = {
			isa = PBXGroup;
			children = (
				021E69EE1F0F072500F64E3F /* ARTreesDemo */,
				021E69ED1F0F072500F64E3F /* Products */,
			);
			sourceTree = "<group>";
		};
		021E69ED1F0F072500F64E3F /* Products */ = {
			isa = PBXGroup;
			children = (
				021E69EC1F0F072500F64E3F /* ARTreesDemo.app */,
			);
			name = Products;
			sourceTree = "<group>";
		};
		021E69EE1F0F072500F64E3F /* ARTreesDemo */ = {
			isa = PBXGroup;
			children = (
				021E69EF1F0F072500F64E3F /* AppDelegate.swift */,
				021E69F11F0F072500F64E3F /* art.scnassets */,
				021E69F31F0F072500F64E3F /* ViewController.swift */,
				021E69F51F0F072500F64E3F /* Main.storyboard */,
				021E69F81F0F072500F64E3F /* Assets.xcassets */,
				021E69FA1F0F072500F64E3F /* LaunchScreen.storyboard */,
				021E69FD1F0F072500F64E3F /* Info.plist */,
			);
			path = ARTreesDemo;
			sourceTree = "<group>";
		};
/* End PBXGroup section */

/* Begin PBXNativeTarget section */
		021E69EB1F0F072500F64E3F /* ARTreesDemo */ = {
			isa = PBXNativeTarget;
			buildConfigurationList = 021E6A001F0F072500F64E3F /* Build configuration list for PBXNativeTarget "ARTreesDemo" */;
			buildPhases = (
				021E69E81F0F072500F64E3F /* Sources */,
				021E69E91F0F072500F64E3F /* Frameworks */,
				021E69EA1F0F072500F64E3F /* Resources */,
			);
			buildRules = (
			);
			dependencies = (
			);
			name = ARTreesDemo;
			productName = ARTreesDemo;
			productReference = 021E69EC1F0F072500F64E3F /* ARTreesDemo.app */;
			productType = "com.apple.product-type.application";
		};
/* End PBXNativeTarget section */

/* Begin PBXProject section */
		021E69E41F0F072500F64E3F /* Project object */ = {
			isa = PBXProject;
			attributes = {
				LastSwiftUpdateCheck = 0900;
				LastUpgradeCheck = 0900;
				ORGANIZATIONNAME = "Jameson Quave";
				TargetAttributes = {
					021E69EB1F0F072500F64E3F = {
						CreatedOnToolsVersion = 9.0;
					};
				};
			};
			buildConfigurationList = 021E69E71F0F072500F64E3F /* Build configuration list for PBXProject "ARTreesDemo" */;
			compatibilityVersion = "Xcode 8.0";
			developmentRegion = en;
			hasScannedForEncodings = 0;
			knownRegions = (
				en,
				Base,
			);
			mainGroup = 021E69E31F0F072500F64E3F;
			productRefGroup = 021E69ED1F0F072500F64E3F /* Products */;
			projectDirPath = "";
			projectRoot = "";
			targets = (
				021E69EB1F0F072500F64E3F /* ARTreesDemo */,
			);
		};
/* End PBXProject section */

/* Begin PBXResourcesBuildPhase section */
		021E69EA1F0F072500F64E3F /* Resources */ = {
			isa = PBXResourcesBuildPhase;
			buildActionMask = 2147483647;
			files = (
				021E69F21F0F072500F64E3F /* art.scnassets in Resources */,
				021E69FC1F0F072500F64E3F /* LaunchScreen.storyboard in Resources */,
				021E69F91F0F072500F64E3F /* Assets.xcassets in Resources */,
				021E69F71F0F072500F64E3F /* Main.storyboard in Resources */,
			);
			runOnlyForDeploymentPostprocessing = 0;
		};
/* End PBXResourcesBuildPhase section */

/* Begin PBXSourcesBuildPhase section */
		021E69E81F0F072500F64E3F /* Sources */ = {
			isa = PBXSourcesBuildPhase;
			buildActionMask = 2147483647;
			files = (
				021E69F41F0F072500F64E3F /* ViewController.swift in Sources */,
				021E69F01F0F072500F64E3F /* AppDelegate.swift in Sources */,
			);
			runOnlyForDeploymentPostprocessing = 0;
		};
/* End PBXSourcesBuildPhase section */

/* Begin PBXVariantGroup section */
		021E69F51F0F072500F64E3F /* Main.storyboard */ = {
			isa = PBXVariantGroup;
			children = (
				021E69F61F0F072500F64E3F /* Base */,
			);
			name = Main.storyboard;
			sourceTree = "<group>";
		};
		021E69FA1F0F072500F64E3F /* LaunchScreen.storyboard */ = {
			isa = PBXVariantGroup;
			children = (
				021E69FB1F0F072500F64E3F /* Base */,
			);
			name = LaunchScreen.storyboard;
			sourceTree = "<group>";
		};
/* End PBXVariantGroup section */

/* Begin XCBuildConfiguration section */
		021E69FE1F0F072500F64E3F /* Debug */ = {
			isa = XCBuildConfiguration;
			buildSettings = {
				ALWAYS_SEARCH_USER_PATHS = NO;
				CLANG_ANALYZER_NONNULL = YES;
				CLANG_ANALYZER_NUMBER_OBJECT_CONVERSION = YES_AGGRESSIVE;
				CLANG_CXX_LANGUAGE_STANDARD = "gnu++14";
				CLANG_CXX_LIBRARY = "libc++";
				CLANG_ENABLE_MODULES = YES;
				CLANG_ENABLE_OBJC_ARC = YES;
				CLANG_WARN_BLOCK_CAPTURE_AUTORELEASING = YES;
				CLANG_WARN_BOOL_CONVERSION = YES;
				CLANG_WARN_COMMA = YES;
				CLANG_WARN_CONSTANT_CONVERSION = YES;
				CLANG_WARN_DIRECT_OBJC_ISA_USAGE = YES_ERROR;
				CLANG_WARN_DOCUMENTATION_COMMENTS = YES;
				CLANG_WARN_EMPTY_BODY = YES;
				CLANG_WARN_ENUM_CONVERSION = YES;
				CLANG_WARN_INFINITE_RECURSION = YES;
				CLANG_WARN_INT_CONVERSION = YES;
				CLANG_WARN_OBJC_ROOT_CLASS = YES_ERROR;
				CLANG_WARN_RANGE_LOOP_ANALYSIS = YES;
				CLANG_WARN_STRICT_PROTOTYPES = YES;
				CLANG_WARN_SUSPICIOUS_MOVE = YES;
				CLANG_WARN_UNGUARDED_AVAILABILITY = YES_AGGRESSIVE;
				CLANG_WARN_UNREACHABLE_CODE = YES;
				CLANG_WARN__DUPLICATE_METHOD_MATCH = YES;
				CODE_SIGN_IDENTITY = "iPhone Developer";
				COPY_PHASE_STRIP = NO;
				DEBUG_INFORMATION_FORMAT = dwarf;
				ENABLE_STRICT_OBJC_MSGSEND = YES;
				ENABLE_TESTABILITY = YES;
				GCC_C_LANGUAGE_STANDARD = gnu11;
				GCC_DYNAMIC_NO_PIC = NO;
				GCC_NO_COMMON_BLOCKS = YES;
				GCC_OPTIMIZATION_LEVEL = 0;
				GCC_PREPROCESSOR_DEFINITIONS = (
					"DEBUG=1",
					"$(inherited)",
				);
				GCC_WARN_64_TO_32_BIT_CONVERSION = YES;
				GCC_WARN_ABOUT_RETURN_TYPE = YES_ERROR;
				GCC_WARN_UNDECLARED_SELECTOR = YES;
				GCC_WARN_UNINITIALIZED_AUTOS = YES_AGGRESSIVE;
				GCC_WARN_UNUSED_FUNCTION = YES;
				GCC_WARN_UNUSED_VARIABLE = YES;
				IPHONEOS_DEPLOYMENT_TARGET = 11.0;
				MTL_ENABLE_DEBUG_INFO = YES;
				ONLY_ACTIVE_ARCH = YES;
				SDKROOT = iphoneos;
				SWIFT_ACTIVE_COMPILATION_CONDITIONS = DEBUG;
				SWIFT_OPTIMIZATION_LEVEL = "-Onone";
			};
			name = Debug;
		};
		021E69FF1F0F072500F64E3F /* Release */ = {
			isa = XCBuildConfiguration;
			buildSettings = {
				ALWAYS_SEARCH_USER_PATHS = NO;
				CLANG_ANALYZER_NONNULL = YES;
				CLANG_ANALYZER_NUMBER_OBJECT_CONVERSION = YES_AGGRESSIVE;
				CLANG_CXX_LANGUAGE_STANDARD = "gnu++14";
				CLANG_CXX_LIBRARY = "libc++";
				CLANG_ENABLE_MODULES = YES;
				CLANG_ENABLE_OBJC_ARC = YES;
				CLANG_WARN_BLOCK_CAPTURE_AUTORELEASING = YES;
				CLANG_WARN_BOOL_CONVERSION = YES;
				CLANG_WARN_COMMA = YES;
				CLANG_WARN_CONSTANT_CONVERSION = YES;
				CLANG_WARN_DIRECT_OBJC_ISA_USAGE = YES_ERROR;
				CLANG_WARN_DOCUMENTATION_COMMENTS = YES;
				CLANG_WARN_EMPTY_BODY = YES;
				CLANG_WARN_ENUM_CONVERSION = YES;
				CLANG_WARN_INFINITE_RECURSION = YES;
				CLANG_WARN_INT_CONVERSION = YES;
				CLANG_WARN_OBJC_ROOT_CLASS = YES_ERROR;
				CLANG_WARN_RANGE_LOOP_ANALYSIS = YES;
				CLANG_WARN_STRICT_PROTOTYPES = YES;
				CLANG_WARN_SUSPICIOUS_MOVE = YES;
				CLANG_WARN_UNGUARDED_AVAILABILITY = YES_AGGRESSIVE;
				CLANG_WARN_UNREACHABLE_CODE = YES;
				CLANG_WARN__DUPLICATE_METHOD_MATCH = YES;
				CODE_SIGN_IDENTITY = "iPhone Developer";
				COPY_PHASE_STRIP = NO;
				DEBUG_INFORMATION_FORMAT = "dwarf-with-dsym";
				ENABLE_NS_ASSERTIONS = NO;
				ENABLE_STRICT_OBJC_MSGSEND = YES;
				GCC_C_LANGUAGE_STANDARD = gnu11;
				GCC_NO_COMMON_BLOCKS = YES;
				GCC_WARN_64_TO_32_BIT_CONVERSION = YES;
				GCC_WARN_ABOUT_RETURN_TYPE = YES_ERROR;
				GCC_WARN_UNDECLARED_SELECTOR = YES;
				GCC_WARN_UNINITIALIZED_AUTOS = YES_AGGRESSIVE;
				GCC_WARN_UNUSED_FUNCTION = YES;
				GCC_WARN_UNUSED_VARIABLE = YES;
				IPHONEOS_DEPLOYMENT_TARGET = 11.0;
				MTL_ENABLE_DEBUG_INFO = NO;
				SDKROOT = iphoneos;
				SWIFT_OPTIMIZATION_LEVEL = "-Owholemodule";
				VALIDATE_PRODUCT = YES;
			};
			name = Release;
		};
		021E6A011F0F072500F64E3F /* Debug */ = {
			isa = XCBuildConfiguration;
			buildSettings = {
				ASSETCATALOG_COMPILER_APPICON_NAME = AppIcon;
				DEVELOPMENT_TEAM = J6H4826VVV;
				INFOPLIST_FILE = ARTreesDemo/Info.plist;
				LD_RUNPATH_SEARCH_PATHS = "$(inherited) @executable_path/Frameworks";
				PRODUCT_BUNDLE_IDENTIFIER = com.jqsoftware.ARTreesDemo2;
				PRODUCT_NAME = "$(TARGET_NAME)";
				SWIFT_VERSION = 4.0;
				TARGETED_DEVICE_FAMILY = "1,2";
			};
			name = Debug;
		};
		021E6A021F0F072500F64E3F /* Release */ = {
			isa = XCBuildConfiguration;
			buildSettings = {
				ASSETCATALOG_COMPILER_APPICON_NAME = AppIcon;
				DEVELOPMENT_TEAM = J6H4826VVV;
				INFOPLIST_FILE = ARTreesDemo/Info.plist;
				LD_RUNPATH_SEARCH_PATHS = "$(inherited) @executable_path/Frameworks";
				PRODUCT_BUNDLE_IDENTIFIER = com.jqsoftware.ARTreesDemo2;
				PRODUCT_NAME = "$(TARGET_NAME)";
				SWIFT_VERSION = 4.0;
				TARGETED_DEVICE_FAMILY = "1,2";
			};
			name = Release;
		};
/* End XCBuildConfiguration section */

/* Begin XCConfigurationList section */
		021E69E71F0F072500F64E3F /* Build configuration list for PBXProject "ARTreesDemo" */ = {
			isa = XCConfigurationList;
			buildConfigurations = (
				021E69FE1F0F072500F64E3F /* Debug */,
				021E69FF1F0F072500F64E3F /* Release */,
			);
			defaultConfigurationIsVisible = 0;
			defaultConfigurationName = Release;
		};
		021E6A001F0F072500F64E3F /* Build configuration list for PBXNativeTarget "ARTreesDemo" */ = {
			isa = XCConfigurationList;
			buildConfigurations = (
				021E6A011F0F072500F64E3F /* Debug */,
				021E6A021F0F072500F64E3F /* Release */,
			);
			defaultConfigurationIsVisible = 0;
		};
/* End XCConfigurationList section */
	};
	rootObject = 021E69E41F0F072500F64E3F /* Project object */;
}
